// !$*UTF8*$!
{
	archiveVersion = 1;
	classes = {
	};
	objectVersion = 56;
	objects = {

/* Begin PBXBuildFile section */
		7C27191A2B9054910036F3FA /* Toast.swift in Sources */ = {isa = PBXBuildFile; fileRef = 7C2719192B9054910036F3FA /* Toast.swift */; };
		7C27191C2B906AEF0036F3FA /* CCError.swift in Sources */ = {isa = PBXBuildFile; fileRef = 7C27191B2B906AEF0036F3FA /* CCError.swift */; };
		7C27191E2B906ED20036F3FA /* UIViewController+.swift in Sources */ = {isa = PBXBuildFile; fileRef = 7C27191D2B906ED20036F3FA /* UIViewController+.swift */; };
		7C51CCFD2B8DB01D00E39CB0 /* AppDelegate.swift in Sources */ = {isa = PBXBuildFile; fileRef = 7C51CCFC2B8DB01D00E39CB0 /* AppDelegate.swift */; };
		7C51CCFF2B8DB01D00E39CB0 /* SceneDelegate.swift in Sources */ = {isa = PBXBuildFile; fileRef = 7C51CCFE2B8DB01D00E39CB0 /* SceneDelegate.swift */; };
		7C51CD062B8DB01E00E39CB0 /* Assets.xcassets in Resources */ = {isa = PBXBuildFile; fileRef = 7C51CD052B8DB01E00E39CB0 /* Assets.xcassets */; };
		7C51CD092B8DB01E00E39CB0 /* LaunchScreen.storyboard in Resources */ = {isa = PBXBuildFile; fileRef = 7C51CD072B8DB01E00E39CB0 /* LaunchScreen.storyboard */; };
		7C51CD122B8DB05200E39CB0 /* Alamofire in Frameworks */ = {isa = PBXBuildFile; productRef = 7C51CD112B8DB05200E39CB0 /* Alamofire */; };
		7C51CD152B8DB05E00E39CB0 /* SnapKit in Frameworks */ = {isa = PBXBuildFile; productRef = 7C51CD142B8DB05E00E39CB0 /* SnapKit */; };
		7C51CD182B8DB06700E39CB0 /* Kingfisher in Frameworks */ = {isa = PBXBuildFile; productRef = 7C51CD172B8DB06700E39CB0 /* Kingfisher */; };
		7C51CD1B2B8DB07A00E39CB0 /* Realm in Frameworks */ = {isa = PBXBuildFile; productRef = 7C51CD1A2B8DB07A00E39CB0 /* Realm */; };
		7C51CD1D2B8DB07A00E39CB0 /* RealmSwift in Frameworks */ = {isa = PBXBuildFile; productRef = 7C51CD1C2B8DB07A00E39CB0 /* RealmSwift */; };
		7C51CD282B8DB13E00E39CB0 /* CoinSearchViewController.swift in Sources */ = {isa = PBXBuildFile; fileRef = 7C51CD272B8DB13E00E39CB0 /* CoinSearchViewController.swift */; };
		7C51CD2A2B8DB1E400E39CB0 /* Observable.swift in Sources */ = {isa = PBXBuildFile; fileRef = 7C51CD292B8DB1E400E39CB0 /* Observable.swift */; };
		7C51CD2F2B8DB28000E39CB0 /* UIView+.swift in Sources */ = {isa = PBXBuildFile; fileRef = 7C51CD2E2B8DB28000E39CB0 /* UIView+.swift */; };
		7C51CD312B8DB29700E39CB0 /* Then+.swift in Sources */ = {isa = PBXBuildFile; fileRef = 7C51CD302B8DB29700E39CB0 /* Then+.swift */; };
		7C51CD332B8DB2A700E39CB0 /* BaseView.swift in Sources */ = {isa = PBXBuildFile; fileRef = 7C51CD322B8DB2A700E39CB0 /* BaseView.swift */; };
		7C51CD352B8DB2B400E39CB0 /* BaseViewController.swift in Sources */ = {isa = PBXBuildFile; fileRef = 7C51CD342B8DB2B400E39CB0 /* BaseViewController.swift */; };
		7C51CD372B8DB2C400E39CB0 /* BaseTableViewCell.swift in Sources */ = {isa = PBXBuildFile; fileRef = 7C51CD362B8DB2C400E39CB0 /* BaseTableViewCell.swift */; };
		7C51CD392B8DB2D400E39CB0 /* BaseCollectionViewCell.swift in Sources */ = {isa = PBXBuildFile; fileRef = 7C51CD382B8DB2D400E39CB0 /* BaseCollectionViewCell.swift */; };
		7C51CD492B8DB3CB00E39CB0 /* TabBarViewController.swift in Sources */ = {isa = PBXBuildFile; fileRef = 7C51CD482B8DB3CB00E39CB0 /* TabBarViewController.swift */; };
		7C51CD4B2B8DB47F00E39CB0 /* TrendingViewController.swift in Sources */ = {isa = PBXBuildFile; fileRef = 7C51CD4A2B8DB47F00E39CB0 /* TrendingViewController.swift */; };
		7C51CD4D2B8DB4A200E39CB0 /* FavoriteViewController.swift in Sources */ = {isa = PBXBuildFile; fileRef = 7C51CD4C2B8DB4A200E39CB0 /* FavoriteViewController.swift */; };
		7C51CD4F2B8DB4D200E39CB0 /* ChartViewController.swift in Sources */ = {isa = PBXBuildFile; fileRef = 7C51CD4E2B8DB4D200E39CB0 /* ChartViewController.swift */; };
		7C51CD522B8DB58600E39CB0 /* CoinConst.swift in Sources */ = {isa = PBXBuildFile; fileRef = 7C51CD512B8DB58600E39CB0 /* CoinConst.swift */; };
		7C51CD552B8DBBEA00E39CB0 /* DGCharts in Frameworks */ = {isa = PBXBuildFile; productRef = 7C51CD542B8DBBEA00E39CB0 /* DGCharts */; };
		7C51CD572B8DBC0D00E39CB0 /* UIColor+.swift in Sources */ = {isa = PBXBuildFile; fileRef = 7C51CD562B8DBC0D00E39CB0 /* UIColor+.swift */; };
		7C51CD612B8DC05600E39CB0 /* TrendingDTO.swift in Sources */ = {isa = PBXBuildFile; fileRef = 7C51CD602B8DC05600E39CB0 /* TrendingDTO.swift */; };
		7C51CD682B8DC08600E39CB0 /* APIService.swift in Sources */ = {isa = PBXBuildFile; fileRef = 7C51CD672B8DC08600E39CB0 /* APIService.swift */; };
		7C51CD6B2B8DC0BE00E39CB0 /* Router.swift in Sources */ = {isa = PBXBuildFile; fileRef = 7C51CD6A2B8DC0BE00E39CB0 /* Router.swift */; };
		7C51CD6F2B8DC7F900E39CB0 /* SearchDTO.swift in Sources */ = {isa = PBXBuildFile; fileRef = 7C51CD6E2B8DC7F900E39CB0 /* SearchDTO.swift */; };
		7C51CD712B8DC84100E39CB0 /* CoinDTO.swift in Sources */ = {isa = PBXBuildFile; fileRef = 7C51CD702B8DC84100E39CB0 /* CoinDTO.swift */; };
		7C51CD752B8DE31100E39CB0 /* TrendingEntity.swift in Sources */ = {isa = PBXBuildFile; fileRef = 7C51CD742B8DE31100E39CB0 /* TrendingEntity.swift */; };
		7C51CD792B8DE32100E39CB0 /* CoinEntity.swift in Sources */ = {isa = PBXBuildFile; fileRef = 7C51CD782B8DE32100E39CB0 /* CoinEntity.swift */; };
		7C51CD7B2B8DE3B700E39CB0 /* Data.swift in Sources */ = {isa = PBXBuildFile; fileRef = 7C51CD7A2B8DE3B700E39CB0 /* Data.swift */; };
		7C51CD7D2B8DE5A800E39CB0 /* TrendingRepository.swift in Sources */ = {isa = PBXBuildFile; fileRef = 7C51CD7C2B8DE5A800E39CB0 /* TrendingRepository.swift */; };
		7C51CD7F2B8DE5B000E39CB0 /* SearchRepository.swift in Sources */ = {isa = PBXBuildFile; fileRef = 7C51CD7E2B8DE5B000E39CB0 /* SearchRepository.swift */; };
		7C51CD812B8DE5B900E39CB0 /* CoinRepository.swift in Sources */ = {isa = PBXBuildFile; fileRef = 7C51CD802B8DE5B900E39CB0 /* CoinRepository.swift */; };
		7C51CD842B8DF22400E39CB0 /* Repository.swift in Sources */ = {isa = PBXBuildFile; fileRef = 7C51CD832B8DF22400E39CB0 /* Repository.swift */; };
		7C51CD862B8DF22900E39CB0 /* ViewModel.swift in Sources */ = {isa = PBXBuildFile; fileRef = 7C51CD852B8DF22900E39CB0 /* ViewModel.swift */; };
		7C51CD882B8DF7F900E39CB0 /* UserFavorite.swift in Sources */ = {isa = PBXBuildFile; fileRef = 7C51CD872B8DF7F900E39CB0 /* UserFavorite.swift */; };
		7C51CD8A2B8DF84800E39CB0 /* UserFavoriteRepository.swift in Sources */ = {isa = PBXBuildFile; fileRef = 7C51CD892B8DF84800E39CB0 /* UserFavoriteRepository.swift */; };
		7C51CD8C2B8DFB4400E39CB0 /* TrendingViewModel.swift in Sources */ = {isa = PBXBuildFile; fileRef = 7C51CD8B2B8DFB4400E39CB0 /* TrendingViewModel.swift */; };
		7C51CD8E2B8DFB6500E39CB0 /* CoinSearchViewModel.swift in Sources */ = {isa = PBXBuildFile; fileRef = 7C51CD8D2B8DFB6500E39CB0 /* CoinSearchViewModel.swift */; };
		7C51CD902B8DFB7400E39CB0 /* FavoriteViewModel.swift in Sources */ = {isa = PBXBuildFile; fileRef = 7C51CD8F2B8DFB7400E39CB0 /* FavoriteViewModel.swift */; };
		7C51CD922B8DFB8700E39CB0 /* ChartViewModel.swift in Sources */ = {isa = PBXBuildFile; fileRef = 7C51CD912B8DFB8700E39CB0 /* ChartViewModel.swift */; };
		7C75BDEA2B8F04B1004D5DA5 /* NFTEntity.swift in Sources */ = {isa = PBXBuildFile; fileRef = 7C75BDE92B8F04B1004D5DA5 /* NFTEntity.swift */; };
		7C75BDED2B8F1623004D5DA5 /* FavoriteCell.swift in Sources */ = {isa = PBXBuildFile; fileRef = 7C75BDEC2B8F1623004D5DA5 /* FavoriteCell.swift */; };
		7C75BDEF2B8F2380004D5DA5 /* NumberFormatterManager.swift in Sources */ = {isa = PBXBuildFile; fileRef = 7C75BDEE2B8F2380004D5DA5 /* NumberFormatterManager.swift */; };
		7C75BDF12B8F2D26004D5DA5 /* ChartPriceView.swift in Sources */ = {isa = PBXBuildFile; fileRef = 7C75BDF02B8F2D26004D5DA5 /* ChartPriceView.swift */; };
		7C75BDF32B8F33B9004D5DA5 /* DateFormatterManager.swift in Sources */ = {isa = PBXBuildFile; fileRef = 7C75BDF22B8F33B9004D5DA5 /* DateFormatterManager.swift */; };
		7C75BDFB2B8F58F4004D5DA5 /* SearchCell.swift in Sources */ = {isa = PBXBuildFile; fileRef = 7C75BDFA2B8F58F4004D5DA5 /* SearchCell.swift */; };
		7CC87BD92B90AF7600493767 /* TrendingFavoriteCell.swift in Sources */ = {isa = PBXBuildFile; fileRef = 7CC87BD82B90AF7600493767 /* TrendingFavoriteCell.swift */; };
		7CC87BDB2B90AF8300493767 /* TrendingCell.swift in Sources */ = {isa = PBXBuildFile; fileRef = 7CC87BDA2B90AF8300493767 /* TrendingCell.swift */; };
/* End PBXBuildFile section */

/* Begin PBXFileReference section */
		7C2719192B9054910036F3FA /* Toast.swift */ = {isa = PBXFileReference; lastKnownFileType = sourcecode.swift; path = Toast.swift; sourceTree = "<group>"; };
		7C27191B2B906AEF0036F3FA /* CCError.swift */ = {isa = PBXFileReference; lastKnownFileType = sourcecode.swift; path = CCError.swift; sourceTree = "<group>"; };
		7C27191D2B906ED20036F3FA /* UIViewController+.swift */ = {isa = PBXFileReference; lastKnownFileType = sourcecode.swift; path = "UIViewController+.swift"; sourceTree = "<group>"; };
		7C51CCF92B8DB01D00E39CB0 /* CryptoCoin.app */ = {isa = PBXFileReference; explicitFileType = wrapper.application; includeInIndex = 0; path = CryptoCoin.app; sourceTree = BUILT_PRODUCTS_DIR; };
		7C51CCFC2B8DB01D00E39CB0 /* AppDelegate.swift */ = {isa = PBXFileReference; lastKnownFileType = sourcecode.swift; path = AppDelegate.swift; sourceTree = "<group>"; };
		7C51CCFE2B8DB01D00E39CB0 /* SceneDelegate.swift */ = {isa = PBXFileReference; lastKnownFileType = sourcecode.swift; path = SceneDelegate.swift; sourceTree = "<group>"; };
		7C51CD052B8DB01E00E39CB0 /* Assets.xcassets */ = {isa = PBXFileReference; lastKnownFileType = folder.assetcatalog; path = Assets.xcassets; sourceTree = "<group>"; };
		7C51CD082B8DB01E00E39CB0 /* Base */ = {isa = PBXFileReference; lastKnownFileType = file.storyboard; name = Base; path = Base.lproj/LaunchScreen.storyboard; sourceTree = "<group>"; };
		7C51CD0A2B8DB01E00E39CB0 /* Info.plist */ = {isa = PBXFileReference; lastKnownFileType = text.plist.xml; path = Info.plist; sourceTree = "<group>"; };
		7C51CD272B8DB13E00E39CB0 /* CoinSearchViewController.swift */ = {isa = PBXFileReference; lastKnownFileType = sourcecode.swift; path = CoinSearchViewController.swift; sourceTree = "<group>"; };
		7C51CD292B8DB1E400E39CB0 /* Observable.swift */ = {isa = PBXFileReference; lastKnownFileType = sourcecode.swift; path = Observable.swift; sourceTree = "<group>"; };
		7C51CD2E2B8DB28000E39CB0 /* UIView+.swift */ = {isa = PBXFileReference; lastKnownFileType = sourcecode.swift; path = "UIView+.swift"; sourceTree = "<group>"; };
		7C51CD302B8DB29700E39CB0 /* Then+.swift */ = {isa = PBXFileReference; lastKnownFileType = sourcecode.swift; path = "Then+.swift"; sourceTree = "<group>"; };
		7C51CD322B8DB2A700E39CB0 /* BaseView.swift */ = {isa = PBXFileReference; lastKnownFileType = sourcecode.swift; path = BaseView.swift; sourceTree = "<group>"; };
		7C51CD342B8DB2B400E39CB0 /* BaseViewController.swift */ = {isa = PBXFileReference; lastKnownFileType = sourcecode.swift; path = BaseViewController.swift; sourceTree = "<group>"; };
		7C51CD362B8DB2C400E39CB0 /* BaseTableViewCell.swift */ = {isa = PBXFileReference; lastKnownFileType = sourcecode.swift; path = BaseTableViewCell.swift; sourceTree = "<group>"; };
		7C51CD382B8DB2D400E39CB0 /* BaseCollectionViewCell.swift */ = {isa = PBXFileReference; lastKnownFileType = sourcecode.swift; path = BaseCollectionViewCell.swift; sourceTree = "<group>"; };
		7C51CD482B8DB3CB00E39CB0 /* TabBarViewController.swift */ = {isa = PBXFileReference; lastKnownFileType = sourcecode.swift; path = TabBarViewController.swift; sourceTree = "<group>"; };
		7C51CD4A2B8DB47F00E39CB0 /* TrendingViewController.swift */ = {isa = PBXFileReference; lastKnownFileType = sourcecode.swift; path = TrendingViewController.swift; sourceTree = "<group>"; };
		7C51CD4C2B8DB4A200E39CB0 /* FavoriteViewController.swift */ = {isa = PBXFileReference; lastKnownFileType = sourcecode.swift; path = FavoriteViewController.swift; sourceTree = "<group>"; };
		7C51CD4E2B8DB4D200E39CB0 /* ChartViewController.swift */ = {isa = PBXFileReference; lastKnownFileType = sourcecode.swift; path = ChartViewController.swift; sourceTree = "<group>"; };
		7C51CD512B8DB58600E39CB0 /* CoinConst.swift */ = {isa = PBXFileReference; lastKnownFileType = sourcecode.swift; path = CoinConst.swift; sourceTree = "<group>"; };
		7C51CD562B8DBC0D00E39CB0 /* UIColor+.swift */ = {isa = PBXFileReference; lastKnownFileType = sourcecode.swift; path = "UIColor+.swift"; sourceTree = "<group>"; };
		7C51CD602B8DC05600E39CB0 /* TrendingDTO.swift */ = {isa = PBXFileReference; lastKnownFileType = sourcecode.swift; path = TrendingDTO.swift; sourceTree = "<group>"; };
		7C51CD672B8DC08600E39CB0 /* APIService.swift */ = {isa = PBXFileReference; lastKnownFileType = sourcecode.swift; path = APIService.swift; sourceTree = "<group>"; };
		7C51CD6A2B8DC0BE00E39CB0 /* Router.swift */ = {isa = PBXFileReference; lastKnownFileType = sourcecode.swift; path = Router.swift; sourceTree = "<group>"; };
		7C51CD6E2B8DC7F900E39CB0 /* SearchDTO.swift */ = {isa = PBXFileReference; lastKnownFileType = sourcecode.swift; path = SearchDTO.swift; sourceTree = "<group>"; };
		7C51CD702B8DC84100E39CB0 /* CoinDTO.swift */ = {isa = PBXFileReference; lastKnownFileType = sourcecode.swift; path = CoinDTO.swift; sourceTree = "<group>"; };
		7C51CD742B8DE31100E39CB0 /* TrendingEntity.swift */ = {isa = PBXFileReference; lastKnownFileType = sourcecode.swift; path = TrendingEntity.swift; sourceTree = "<group>"; };
		7C51CD782B8DE32100E39CB0 /* CoinEntity.swift */ = {isa = PBXFileReference; lastKnownFileType = sourcecode.swift; path = CoinEntity.swift; sourceTree = "<group>"; };
		7C51CD7A2B8DE3B700E39CB0 /* Data.swift */ = {isa = PBXFileReference; lastKnownFileType = sourcecode.swift; path = Data.swift; sourceTree = "<group>"; };
		7C51CD7C2B8DE5A800E39CB0 /* TrendingRepository.swift */ = {isa = PBXFileReference; lastKnownFileType = sourcecode.swift; path = TrendingRepository.swift; sourceTree = "<group>"; };
		7C51CD7E2B8DE5B000E39CB0 /* SearchRepository.swift */ = {isa = PBXFileReference; lastKnownFileType = sourcecode.swift; path = SearchRepository.swift; sourceTree = "<group>"; };
		7C51CD802B8DE5B900E39CB0 /* CoinRepository.swift */ = {isa = PBXFileReference; lastKnownFileType = sourcecode.swift; path = CoinRepository.swift; sourceTree = "<group>"; };
		7C51CD832B8DF22400E39CB0 /* Repository.swift */ = {isa = PBXFileReference; lastKnownFileType = sourcecode.swift; path = Repository.swift; sourceTree = "<group>"; };
		7C51CD852B8DF22900E39CB0 /* ViewModel.swift */ = {isa = PBXFileReference; lastKnownFileType = sourcecode.swift; path = ViewModel.swift; sourceTree = "<group>"; };
		7C51CD872B8DF7F900E39CB0 /* UserFavorite.swift */ = {isa = PBXFileReference; lastKnownFileType = sourcecode.swift; path = UserFavorite.swift; sourceTree = "<group>"; };
		7C51CD892B8DF84800E39CB0 /* UserFavoriteRepository.swift */ = {isa = PBXFileReference; lastKnownFileType = sourcecode.swift; path = UserFavoriteRepository.swift; sourceTree = "<group>"; };
		7C51CD8B2B8DFB4400E39CB0 /* TrendingViewModel.swift */ = {isa = PBXFileReference; lastKnownFileType = sourcecode.swift; path = TrendingViewModel.swift; sourceTree = "<group>"; };
		7C51CD8D2B8DFB6500E39CB0 /* CoinSearchViewModel.swift */ = {isa = PBXFileReference; lastKnownFileType = sourcecode.swift; path = CoinSearchViewModel.swift; sourceTree = "<group>"; };
		7C51CD8F2B8DFB7400E39CB0 /* FavoriteViewModel.swift */ = {isa = PBXFileReference; lastKnownFileType = sourcecode.swift; path = FavoriteViewModel.swift; sourceTree = "<group>"; };
		7C51CD912B8DFB8700E39CB0 /* ChartViewModel.swift */ = {isa = PBXFileReference; lastKnownFileType = sourcecode.swift; path = ChartViewModel.swift; sourceTree = "<group>"; };
		7C75BDE92B8F04B1004D5DA5 /* NFTEntity.swift */ = {isa = PBXFileReference; lastKnownFileType = sourcecode.swift; path = NFTEntity.swift; sourceTree = "<group>"; };
		7C75BDEC2B8F1623004D5DA5 /* FavoriteCell.swift */ = {isa = PBXFileReference; lastKnownFileType = sourcecode.swift; path = FavoriteCell.swift; sourceTree = "<group>"; };
		7C75BDEE2B8F2380004D5DA5 /* NumberFormatterManager.swift */ = {isa = PBXFileReference; lastKnownFileType = sourcecode.swift; path = NumberFormatterManager.swift; sourceTree = "<group>"; };
		7C75BDF02B8F2D26004D5DA5 /* ChartPriceView.swift */ = {isa = PBXFileReference; lastKnownFileType = sourcecode.swift; path = ChartPriceView.swift; sourceTree = "<group>"; };
		7C75BDF22B8F33B9004D5DA5 /* DateFormatterManager.swift */ = {isa = PBXFileReference; lastKnownFileType = sourcecode.swift; path = DateFormatterManager.swift; sourceTree = "<group>"; };
		7C75BDFA2B8F58F4004D5DA5 /* SearchCell.swift */ = {isa = PBXFileReference; lastKnownFileType = sourcecode.swift; path = SearchCell.swift; sourceTree = "<group>"; };
		7CC87BD82B90AF7600493767 /* TrendingFavoriteCell.swift */ = {isa = PBXFileReference; lastKnownFileType = sourcecode.swift; path = TrendingFavoriteCell.swift; sourceTree = "<group>"; };
		7CC87BDA2B90AF8300493767 /* TrendingCell.swift */ = {isa = PBXFileReference; lastKnownFileType = sourcecode.swift; path = TrendingCell.swift; sourceTree = "<group>"; };
/* End PBXFileReference section */

/* Begin PBXFrameworksBuildPhase section */
		7C51CCF62B8DB01D00E39CB0 /* Frameworks */ = {
			isa = PBXFrameworksBuildPhase;
			buildActionMask = 2147483647;
			files = (
				7C51CD182B8DB06700E39CB0 /* Kingfisher in Frameworks */,
				7C51CD122B8DB05200E39CB0 /* Alamofire in Frameworks */,
				7C51CD1B2B8DB07A00E39CB0 /* Realm in Frameworks */,
				7C51CD1D2B8DB07A00E39CB0 /* RealmSwift in Frameworks */,
				7C51CD552B8DBBEA00E39CB0 /* DGCharts in Frameworks */,
				7C51CD152B8DB05E00E39CB0 /* SnapKit in Frameworks */,
			);
			runOnlyForDeploymentPostprocessing = 0;
		};
/* End PBXFrameworksBuildPhase section */

/* Begin PBXGroup section */
		7C51CCF02B8DB01D00E39CB0 = {
			isa = PBXGroup;
			children = (
				7C51CCFB2B8DB01D00E39CB0 /* CryptoCoin */,
				7C51CCFA2B8DB01D00E39CB0 /* Products */,
			);
			sourceTree = "<group>";
		};
		7C51CCFA2B8DB01D00E39CB0 /* Products */ = {
			isa = PBXGroup;
			children = (
				7C51CCF92B8DB01D00E39CB0 /* CryptoCoin.app */,
			);
			name = Products;
			sourceTree = "<group>";
		};
		7C51CCFB2B8DB01D00E39CB0 /* CryptoCoin */ = {
			isa = PBXGroup;
			children = (
				7C51CD1E2B8DB08000E39CB0 /* App */,
				7C51CD232B8DB0CD00E39CB0 /* Data */,
				7C51CD242B8DB0D300E39CB0 /* Repository */,
				7C51CD252B8DB0D900E39CB0 /* Service */,
				7C51CD262B8DB0E500E39CB0 /* Presentation */,
				7C51CD2B2B8DB1E800E39CB0 /* Utility */,
				7C51CD222B8DB0C900E39CB0 /* Base */,
				7C51CD212B8DB0C300E39CB0 /* Extension */,
				7C51CD202B8DB0BB00E39CB0 /* Protocols */,
				7C51CD502B8DB57700E39CB0 /* Const */,
				7C51CD1F2B8DB08600E39CB0 /* Resources */,
				7C51CD0A2B8DB01E00E39CB0 /* Info.plist */,
			);
			path = CryptoCoin;
			sourceTree = "<group>";
		};
		7C51CD1E2B8DB08000E39CB0 /* App */ = {
			isa = PBXGroup;
			children = (
				7C51CCFC2B8DB01D00E39CB0 /* AppDelegate.swift */,
				7C51CCFE2B8DB01D00E39CB0 /* SceneDelegate.swift */,
			);
			path = App;
			sourceTree = "<group>";
		};
		7C51CD1F2B8DB08600E39CB0 /* Resources */ = {
			isa = PBXGroup;
			children = (
				7C51CD052B8DB01E00E39CB0 /* Assets.xcassets */,
				7C51CD072B8DB01E00E39CB0 /* LaunchScreen.storyboard */,
			);
			path = Resources;
			sourceTree = "<group>";
		};
		7C51CD202B8DB0BB00E39CB0 /* Protocols */ = {
			isa = PBXGroup;
			children = (
				7C51CD7A2B8DE3B700E39CB0 /* Data.swift */,
				7C51CD852B8DF22900E39CB0 /* ViewModel.swift */,
				7C51CD832B8DF22400E39CB0 /* Repository.swift */,
			);
			path = Protocols;
			sourceTree = "<group>";
		};
		7C51CD212B8DB0C300E39CB0 /* Extension */ = {
			isa = PBXGroup;
			children = (
				7C51CD2E2B8DB28000E39CB0 /* UIView+.swift */,
				7C51CD302B8DB29700E39CB0 /* Then+.swift */,
				7C51CD562B8DBC0D00E39CB0 /* UIColor+.swift */,
				7C27191D2B906ED20036F3FA /* UIViewController+.swift */,
			);
			path = Extension;
			sourceTree = "<group>";
		};
		7C51CD222B8DB0C900E39CB0 /* Base */ = {
			isa = PBXGroup;
			children = (
				7C51CD322B8DB2A700E39CB0 /* BaseView.swift */,
				7C51CD342B8DB2B400E39CB0 /* BaseViewController.swift */,
				7C51CD362B8DB2C400E39CB0 /* BaseTableViewCell.swift */,
				7C51CD382B8DB2D400E39CB0 /* BaseCollectionViewCell.swift */,
			);
			path = Base;
			sourceTree = "<group>";
		};
		7C51CD232B8DB0CD00E39CB0 /* Data */ = {
			isa = PBXGroup;
			children = (
				7C51CD592B8DC01A00E39CB0 /* DTO */,
				7C51CD722B8DE2FE00E39CB0 /* Entity */,
				7C51CD822B8DEBCD00E39CB0 /* RealmModel */,
			);
			path = Data;
			sourceTree = "<group>";
		};
		7C51CD242B8DB0D300E39CB0 /* Repository */ = {
			isa = PBXGroup;
			children = (
				7C51CD7C2B8DE5A800E39CB0 /* TrendingRepository.swift */,
				7C51CD7E2B8DE5B000E39CB0 /* SearchRepository.swift */,
				7C51CD802B8DE5B900E39CB0 /* CoinRepository.swift */,
				7C51CD892B8DF84800E39CB0 /* UserFavoriteRepository.swift */,
			);
			path = Repository;
			sourceTree = "<group>";
		};
		7C51CD252B8DB0D900E39CB0 /* Service */ = {
			isa = PBXGroup;
			children = (
				7C51CD662B8DC07500E39CB0 /* NetworkService */,
				7C75BDEE2B8F2380004D5DA5 /* NumberFormatterManager.swift */,
				7C75BDF22B8F33B9004D5DA5 /* DateFormatterManager.swift */,
			);
			path = Service;
			sourceTree = "<group>";
		};
		7C51CD262B8DB0E500E39CB0 /* Presentation */ = {
			isa = PBXGroup;
			children = (
				7C51CD462B8DB39F00E39CB0 /* TabScene */,
				7C51CD3A2B8DB33900E39CB0 /* TrendingScene */,
				7C51CD3B2B8DB34800E39CB0 /* SearchScene */,
				7C51CD3C2B8DB34F00E39CB0 /* FavoriteScene */,
				7C51CD3D2B8DB35C00E39CB0 /* ChartsScene */,
			);
			path = Presentation;
			sourceTree = "<group>";
		};
		7C51CD2B2B8DB1E800E39CB0 /* Utility */ = {
			isa = PBXGroup;
			children = (
				7C51CD292B8DB1E400E39CB0 /* Observable.swift */,
				7C2719192B9054910036F3FA /* Toast.swift */,
			);
			path = Utility;
			sourceTree = "<group>";
		};
		7C51CD3A2B8DB33900E39CB0 /* TrendingScene */ = {
			isa = PBXGroup;
			children = (
				7C51CD3E2B8DB37300E39CB0 /* View */,
				7C51CD3F2B8DB37600E39CB0 /* ViewModel */,
			);
			path = TrendingScene;
			sourceTree = "<group>";
		};
		7C51CD3B2B8DB34800E39CB0 /* SearchScene */ = {
			isa = PBXGroup;
			children = (
				7C51CD412B8DB38400E39CB0 /* View */,
				7C51CD402B8DB37F00E39CB0 /* ViewModel */,
			);
			path = SearchScene;
			sourceTree = "<group>";
		};
		7C51CD3C2B8DB34F00E39CB0 /* FavoriteScene */ = {
			isa = PBXGroup;
			children = (
				7C51CD432B8DB38F00E39CB0 /* View */,
				7C51CD422B8DB38B00E39CB0 /* ViewModel */,
			);
			path = FavoriteScene;
			sourceTree = "<group>";
		};
		7C51CD3D2B8DB35C00E39CB0 /* ChartsScene */ = {
			isa = PBXGroup;
			children = (
				7C51CD452B8DB39700E39CB0 /* View */,
				7C51CD442B8DB39300E39CB0 /* ViewModel */,
			);
			path = ChartsScene;
			sourceTree = "<group>";
		};
		7C51CD3E2B8DB37300E39CB0 /* View */ = {
			isa = PBXGroup;
			children = (
				7C51CD4A2B8DB47F00E39CB0 /* TrendingViewController.swift */,
				7CC87BD72B90AF6500493767 /* Cell */,
			);
			path = View;
			sourceTree = "<group>";
		};
		7C51CD3F2B8DB37600E39CB0 /* ViewModel */ = {
			isa = PBXGroup;
			children = (
				7C51CD8B2B8DFB4400E39CB0 /* TrendingViewModel.swift */,
			);
			path = ViewModel;
			sourceTree = "<group>";
		};
		7C51CD402B8DB37F00E39CB0 /* ViewModel */ = {
			isa = PBXGroup;
			children = (
				7C51CD8D2B8DFB6500E39CB0 /* CoinSearchViewModel.swift */,
			);
			path = ViewModel;
			sourceTree = "<group>";
		};
		7C51CD412B8DB38400E39CB0 /* View */ = {
			isa = PBXGroup;
			children = (
				7C51CD272B8DB13E00E39CB0 /* CoinSearchViewController.swift */,
				7C75BDF92B8F58E6004D5DA5 /* Cell */,
			);
			path = View;
			sourceTree = "<group>";
		};
		7C51CD422B8DB38B00E39CB0 /* ViewModel */ = {
			isa = PBXGroup;
			children = (
				7C51CD8F2B8DFB7400E39CB0 /* FavoriteViewModel.swift */,
			);
			path = ViewModel;
			sourceTree = "<group>";
		};
		7C51CD432B8DB38F00E39CB0 /* View */ = {
			isa = PBXGroup;
			children = (
				7C51CD4C2B8DB4A200E39CB0 /* FavoriteViewController.swift */,
				7C75BDEB2B8F1617004D5DA5 /* Cell */,
			);
			path = View;
			sourceTree = "<group>";
		};
		7C51CD442B8DB39300E39CB0 /* ViewModel */ = {
			isa = PBXGroup;
			children = (
				7C51CD912B8DFB8700E39CB0 /* ChartViewModel.swift */,
			);
			path = ViewModel;
			sourceTree = "<group>";
		};
		7C51CD452B8DB39700E39CB0 /* View */ = {
			isa = PBXGroup;
			children = (
				7C51CD4E2B8DB4D200E39CB0 /* ChartViewController.swift */,
				7C75BDF02B8F2D26004D5DA5 /* ChartPriceView.swift */,
			);
			path = View;
			sourceTree = "<group>";
		};
		7C51CD462B8DB39F00E39CB0 /* TabScene */ = {
			isa = PBXGroup;
			children = (
				7C51CD482B8DB3CB00E39CB0 /* TabBarViewController.swift */,
			);
			path = TabScene;
			sourceTree = "<group>";
		};
		7C51CD502B8DB57700E39CB0 /* Const */ = {
			isa = PBXGroup;
			children = (
				7C51CD512B8DB58600E39CB0 /* CoinConst.swift */,
			);
			path = Const;
			sourceTree = "<group>";
		};
		7C51CD592B8DC01A00E39CB0 /* DTO */ = {
			isa = PBXGroup;
			children = (
				7C51CD602B8DC05600E39CB0 /* TrendingDTO.swift */,
				7C51CD6E2B8DC7F900E39CB0 /* SearchDTO.swift */,
				7C51CD702B8DC84100E39CB0 /* CoinDTO.swift */,
			);
			path = DTO;
			sourceTree = "<group>";
		};
		7C51CD662B8DC07500E39CB0 /* NetworkService */ = {
			isa = PBXGroup;
			children = (
				7C27191B2B906AEF0036F3FA /* CCError.swift */,
				7C51CD6A2B8DC0BE00E39CB0 /* Router.swift */,
				7C51CD672B8DC08600E39CB0 /* APIService.swift */,
			);
			path = NetworkService;
			sourceTree = "<group>";
		};
		7C51CD722B8DE2FE00E39CB0 /* Entity */ = {
			isa = PBXGroup;
			children = (
				7C51CD742B8DE31100E39CB0 /* TrendingEntity.swift */,
				7C51CD782B8DE32100E39CB0 /* CoinEntity.swift */,
				7C75BDE92B8F04B1004D5DA5 /* NFTEntity.swift */,
			);
			path = Entity;
			sourceTree = "<group>";
		};
		7C51CD822B8DEBCD00E39CB0 /* RealmModel */ = {
			isa = PBXGroup;
			children = (
				7C51CD872B8DF7F900E39CB0 /* UserFavorite.swift */,
			);
			path = RealmModel;
			sourceTree = "<group>";
		};
		7C75BDEB2B8F1617004D5DA5 /* Cell */ = {
			isa = PBXGroup;
			children = (
				7C75BDEC2B8F1623004D5DA5 /* FavoriteCell.swift */,
			);
			path = Cell;
			sourceTree = "<group>";
		};
		7C75BDF92B8F58E6004D5DA5 /* Cell */ = {
			isa = PBXGroup;
			children = (
				7C75BDFA2B8F58F4004D5DA5 /* SearchCell.swift */,
			);
			path = Cell;
			sourceTree = "<group>";
		};
		7CC87BD72B90AF6500493767 /* Cell */ = {
			isa = PBXGroup;
			children = (
				7CC87BD82B90AF7600493767 /* TrendingFavoriteCell.swift */,
				7CC87BDA2B90AF8300493767 /* TrendingCell.swift */,
			);
			path = Cell;
			sourceTree = "<group>";
		};
/* End PBXGroup section */

/* Begin PBXNativeTarget section */
		7C51CCF82B8DB01D00E39CB0 /* CryptoCoin */ = {
			isa = PBXNativeTarget;
			buildConfigurationList = 7C51CD0D2B8DB01E00E39CB0 /* Build configuration list for PBXNativeTarget "CryptoCoin" */;
			buildPhases = (
				7C51CCF52B8DB01D00E39CB0 /* Sources */,
				7C51CCF62B8DB01D00E39CB0 /* Frameworks */,
				7C51CCF72B8DB01D00E39CB0 /* Resources */,
			);
			buildRules = (
			);
			dependencies = (
			);
			name = CryptoCoin;
			packageProductDependencies = (
				7C51CD112B8DB05200E39CB0 /* Alamofire */,
				7C51CD142B8DB05E00E39CB0 /* SnapKit */,
				7C51CD172B8DB06700E39CB0 /* Kingfisher */,
				7C51CD1A2B8DB07A00E39CB0 /* Realm */,
				7C51CD1C2B8DB07A00E39CB0 /* RealmSwift */,
				7C51CD542B8DBBEA00E39CB0 /* DGCharts */,
			);
			productName = CryptoCoin;
			productReference = 7C51CCF92B8DB01D00E39CB0 /* CryptoCoin.app */;
			productType = "com.apple.product-type.application";
		};
/* End PBXNativeTarget section */

/* Begin PBXProject section */
		7C51CCF12B8DB01D00E39CB0 /* Project object */ = {
			isa = PBXProject;
			attributes = {
				BuildIndependentTargetsInParallel = 1;
				LastSwiftUpdateCheck = 1520;
				LastUpgradeCheck = 1520;
				TargetAttributes = {
					7C51CCF82B8DB01D00E39CB0 = {
						CreatedOnToolsVersion = 15.2;
					};
				};
			};
			buildConfigurationList = 7C51CCF42B8DB01D00E39CB0 /* Build configuration list for PBXProject "CryptoCoin" */;
			compatibilityVersion = "Xcode 14.0";
			developmentRegion = en;
			hasScannedForEncodings = 0;
			knownRegions = (
				en,
				Base,
			);
			mainGroup = 7C51CCF02B8DB01D00E39CB0;
			packageReferences = (
				7C51CD102B8DB05200E39CB0 /* XCRemoteSwiftPackageReference "Alamofire" */,
				7C51CD132B8DB05E00E39CB0 /* XCRemoteSwiftPackageReference "SnapKit" */,
				7C51CD162B8DB06700E39CB0 /* XCRemoteSwiftPackageReference "Kingfisher" */,
				7C51CD192B8DB07A00E39CB0 /* XCRemoteSwiftPackageReference "realm-swift" */,
				7C51CD532B8DBBEA00E39CB0 /* XCRemoteSwiftPackageReference "Charts" */,
			);
			productRefGroup = 7C51CCFA2B8DB01D00E39CB0 /* Products */;
			projectDirPath = "";
			projectRoot = "";
			targets = (
				7C51CCF82B8DB01D00E39CB0 /* CryptoCoin */,
			);
		};
/* End PBXProject section */

/* Begin PBXResourcesBuildPhase section */
		7C51CCF72B8DB01D00E39CB0 /* Resources */ = {
			isa = PBXResourcesBuildPhase;
			buildActionMask = 2147483647;
			files = (
				7C51CD092B8DB01E00E39CB0 /* LaunchScreen.storyboard in Resources */,
				7C51CD062B8DB01E00E39CB0 /* Assets.xcassets in Resources */,
			);
			runOnlyForDeploymentPostprocessing = 0;
		};
/* End PBXResourcesBuildPhase section */

/* Begin PBXSourcesBuildPhase section */
		7C51CCF52B8DB01D00E39CB0 /* Sources */ = {
			isa = PBXSourcesBuildPhase;
			buildActionMask = 2147483647;
			files = (
				7C75BDF12B8F2D26004D5DA5 /* ChartPriceView.swift in Sources */,
				7C51CD7B2B8DE3B700E39CB0 /* Data.swift in Sources */,
				7C51CD2A2B8DB1E400E39CB0 /* Observable.swift in Sources */,
				7C51CD4F2B8DB4D200E39CB0 /* ChartViewController.swift in Sources */,
				7C75BDEF2B8F2380004D5DA5 /* NumberFormatterManager.swift in Sources */,
				7C51CD882B8DF7F900E39CB0 /* UserFavorite.swift in Sources */,
				7C51CCFD2B8DB01D00E39CB0 /* AppDelegate.swift in Sources */,
				7C51CD492B8DB3CB00E39CB0 /* TabBarViewController.swift in Sources */,
				7C51CD7F2B8DE5B000E39CB0 /* SearchRepository.swift in Sources */,
				7C51CD842B8DF22400E39CB0 /* Repository.swift in Sources */,
				7C51CD282B8DB13E00E39CB0 /* CoinSearchViewController.swift in Sources */,
				7C51CD8C2B8DFB4400E39CB0 /* TrendingViewModel.swift in Sources */,
				7C51CD572B8DBC0D00E39CB0 /* UIColor+.swift in Sources */,
				7C27191A2B9054910036F3FA /* Toast.swift in Sources */,
				7C51CD862B8DF22900E39CB0 /* ViewModel.swift in Sources */,
				7C51CD902B8DFB7400E39CB0 /* FavoriteViewModel.swift in Sources */,
				7C51CCFF2B8DB01D00E39CB0 /* SceneDelegate.swift in Sources */,
				7C51CD4B2B8DB47F00E39CB0 /* TrendingViewController.swift in Sources */,
				7C51CD792B8DE32100E39CB0 /* CoinEntity.swift in Sources */,
				7C75BDFB2B8F58F4004D5DA5 /* SearchCell.swift in Sources */,
				7C51CD372B8DB2C400E39CB0 /* BaseTableViewCell.swift in Sources */,
				7C51CD8E2B8DFB6500E39CB0 /* CoinSearchViewModel.swift in Sources */,
				7C51CD392B8DB2D400E39CB0 /* BaseCollectionViewCell.swift in Sources */,
				7C75BDEA2B8F04B1004D5DA5 /* NFTEntity.swift in Sources */,
				7C51CD332B8DB2A700E39CB0 /* BaseView.swift in Sources */,
				7C51CD752B8DE31100E39CB0 /* TrendingEntity.swift in Sources */,
				7C51CD352B8DB2B400E39CB0 /* BaseViewController.swift in Sources */,
				7C27191C2B906AEF0036F3FA /* CCError.swift in Sources */,
				7CC87BDB2B90AF8300493767 /* TrendingCell.swift in Sources */,
				7C51CD7D2B8DE5A800E39CB0 /* TrendingRepository.swift in Sources */,
				7C75BDF32B8F33B9004D5DA5 /* DateFormatterManager.swift in Sources */,
				7C27191E2B906ED20036F3FA /* UIViewController+.swift in Sources */,
				7C51CD6B2B8DC0BE00E39CB0 /* Router.swift in Sources */,
				7C51CD8A2B8DF84800E39CB0 /* UserFavoriteRepository.swift in Sources */,
				7C51CD4D2B8DB4A200E39CB0 /* FavoriteViewController.swift in Sources */,
				7C51CD312B8DB29700E39CB0 /* Then+.swift in Sources */,
				7C51CD6F2B8DC7F900E39CB0 /* SearchDTO.swift in Sources */,
				7C51CD682B8DC08600E39CB0 /* APIService.swift in Sources */,
				7C51CD522B8DB58600E39CB0 /* CoinConst.swift in Sources */,
				7CC87BD92B90AF7600493767 /* TrendingFavoriteCell.swift in Sources */,
				7C75BDED2B8F1623004D5DA5 /* FavoriteCell.swift in Sources */,
				7C51CD812B8DE5B900E39CB0 /* CoinRepository.swift in Sources */,
				7C51CD2F2B8DB28000E39CB0 /* UIView+.swift in Sources */,
				7C51CD922B8DFB8700E39CB0 /* ChartViewModel.swift in Sources */,
				7C51CD712B8DC84100E39CB0 /* CoinDTO.swift in Sources */,
				7C51CD612B8DC05600E39CB0 /* TrendingDTO.swift in Sources */,
			);
			runOnlyForDeploymentPostprocessing = 0;
		};
/* End PBXSourcesBuildPhase section */

/* Begin PBXVariantGroup section */
		7C51CD072B8DB01E00E39CB0 /* LaunchScreen.storyboard */ = {
			isa = PBXVariantGroup;
			children = (
				7C51CD082B8DB01E00E39CB0 /* Base */,
			);
			name = LaunchScreen.storyboard;
			sourceTree = "<group>";
		};
/* End PBXVariantGroup section */

/* Begin XCBuildConfiguration section */
		7C51CD0B2B8DB01E00E39CB0 /* Debug */ = {
			isa = XCBuildConfiguration;
			buildSettings = {
				ALWAYS_SEARCH_USER_PATHS = NO;
				ASSETCATALOG_COMPILER_GENERATE_SWIFT_ASSET_SYMBOL_EXTENSIONS = YES;
				CLANG_ANALYZER_NONNULL = YES;
				CLANG_ANALYZER_NUMBER_OBJECT_CONVERSION = YES_AGGRESSIVE;
				CLANG_CXX_LANGUAGE_STANDARD = "gnu++20";
				CLANG_ENABLE_MODULES = YES;
				CLANG_ENABLE_OBJC_ARC = YES;
				CLANG_ENABLE_OBJC_WEAK = YES;
				CLANG_WARN_BLOCK_CAPTURE_AUTORELEASING = YES;
				CLANG_WARN_BOOL_CONVERSION = YES;
				CLANG_WARN_COMMA = YES;
				CLANG_WARN_CONSTANT_CONVERSION = YES;
				CLANG_WARN_DEPRECATED_OBJC_IMPLEMENTATIONS = YES;
				CLANG_WARN_DIRECT_OBJC_ISA_USAGE = YES_ERROR;
				CLANG_WARN_DOCUMENTATION_COMMENTS = YES;
				CLANG_WARN_EMPTY_BODY = YES;
				CLANG_WARN_ENUM_CONVERSION = YES;
				CLANG_WARN_INFINITE_RECURSION = YES;
				CLANG_WARN_INT_CONVERSION = YES;
				CLANG_WARN_NON_LITERAL_NULL_CONVERSION = YES;
				CLANG_WARN_OBJC_IMPLICIT_RETAIN_SELF = YES;
				CLANG_WARN_OBJC_LITERAL_CONVERSION = YES;
				CLANG_WARN_OBJC_ROOT_CLASS = YES_ERROR;
				CLANG_WARN_QUOTED_INCLUDE_IN_FRAMEWORK_HEADER = YES;
				CLANG_WARN_RANGE_LOOP_ANALYSIS = YES;
				CLANG_WARN_STRICT_PROTOTYPES = YES;
				CLANG_WARN_SUSPICIOUS_MOVE = YES;
				CLANG_WARN_UNGUARDED_AVAILABILITY = YES_AGGRESSIVE;
				CLANG_WARN_UNREACHABLE_CODE = YES;
				CLANG_WARN__DUPLICATE_METHOD_MATCH = YES;
				COPY_PHASE_STRIP = NO;
				DEBUG_INFORMATION_FORMAT = dwarf;
				ENABLE_STRICT_OBJC_MSGSEND = YES;
				ENABLE_TESTABILITY = YES;
				ENABLE_USER_SCRIPT_SANDBOXING = YES;
				GCC_C_LANGUAGE_STANDARD = gnu17;
				GCC_DYNAMIC_NO_PIC = NO;
				GCC_NO_COMMON_BLOCKS = YES;
				GCC_OPTIMIZATION_LEVEL = 0;
				GCC_PREPROCESSOR_DEFINITIONS = (
					"DEBUG=1",
					"$(inherited)",
				);
				GCC_WARN_64_TO_32_BIT_CONVERSION = YES;
				GCC_WARN_ABOUT_RETURN_TYPE = YES_ERROR;
				GCC_WARN_UNDECLARED_SELECTOR = YES;
				GCC_WARN_UNINITIALIZED_AUTOS = YES_AGGRESSIVE;
				GCC_WARN_UNUSED_FUNCTION = YES;
				GCC_WARN_UNUSED_VARIABLE = YES;
				IPHONEOS_DEPLOYMENT_TARGET = 15.0;
				LOCALIZATION_PREFERS_STRING_CATALOGS = YES;
				MTL_ENABLE_DEBUG_INFO = INCLUDE_SOURCE;
				MTL_FAST_MATH = YES;
				ONLY_ACTIVE_ARCH = YES;
				SDKROOT = iphoneos;
				SWIFT_ACTIVE_COMPILATION_CONDITIONS = "DEBUG $(inherited)";
				SWIFT_OPTIMIZATION_LEVEL = "-Onone";
			};
			name = Debug;
		};
		7C51CD0C2B8DB01E00E39CB0 /* Release */ = {
			isa = XCBuildConfiguration;
			buildSettings = {
				ALWAYS_SEARCH_USER_PATHS = NO;
				ASSETCATALOG_COMPILER_GENERATE_SWIFT_ASSET_SYMBOL_EXTENSIONS = YES;
				CLANG_ANALYZER_NONNULL = YES;
				CLANG_ANALYZER_NUMBER_OBJECT_CONVERSION = YES_AGGRESSIVE;
				CLANG_CXX_LANGUAGE_STANDARD = "gnu++20";
				CLANG_ENABLE_MODULES = YES;
				CLANG_ENABLE_OBJC_ARC = YES;
				CLANG_ENABLE_OBJC_WEAK = YES;
				CLANG_WARN_BLOCK_CAPTURE_AUTORELEASING = YES;
				CLANG_WARN_BOOL_CONVERSION = YES;
				CLANG_WARN_COMMA = YES;
				CLANG_WARN_CONSTANT_CONVERSION = YES;
				CLANG_WARN_DEPRECATED_OBJC_IMPLEMENTATIONS = YES;
				CLANG_WARN_DIRECT_OBJC_ISA_USAGE = YES_ERROR;
				CLANG_WARN_DOCUMENTATION_COMMENTS = YES;
				CLANG_WARN_EMPTY_BODY = YES;
				CLANG_WARN_ENUM_CONVERSION = YES;
				CLANG_WARN_INFINITE_RECURSION = YES;
				CLANG_WARN_INT_CONVERSION = YES;
				CLANG_WARN_NON_LITERAL_NULL_CONVERSION = YES;
				CLANG_WARN_OBJC_IMPLICIT_RETAIN_SELF = YES;
				CLANG_WARN_OBJC_LITERAL_CONVERSION = YES;
				CLANG_WARN_OBJC_ROOT_CLASS = YES_ERROR;
				CLANG_WARN_QUOTED_INCLUDE_IN_FRAMEWORK_HEADER = YES;
				CLANG_WARN_RANGE_LOOP_ANALYSIS = YES;
				CLANG_WARN_STRICT_PROTOTYPES = YES;
				CLANG_WARN_SUSPICIOUS_MOVE = YES;
				CLANG_WARN_UNGUARDED_AVAILABILITY = YES_AGGRESSIVE;
				CLANG_WARN_UNREACHABLE_CODE = YES;
				CLANG_WARN__DUPLICATE_METHOD_MATCH = YES;
				COPY_PHASE_STRIP = NO;
				DEBUG_INFORMATION_FORMAT = "dwarf-with-dsym";
				ENABLE_NS_ASSERTIONS = NO;
				ENABLE_STRICT_OBJC_MSGSEND = YES;
				ENABLE_USER_SCRIPT_SANDBOXING = YES;
				GCC_C_LANGUAGE_STANDARD = gnu17;
				GCC_NO_COMMON_BLOCKS = YES;
				GCC_WARN_64_TO_32_BIT_CONVERSION = YES;
				GCC_WARN_ABOUT_RETURN_TYPE = YES_ERROR;
				GCC_WARN_UNDECLARED_SELECTOR = YES;
				GCC_WARN_UNINITIALIZED_AUTOS = YES_AGGRESSIVE;
				GCC_WARN_UNUSED_FUNCTION = YES;
				GCC_WARN_UNUSED_VARIABLE = YES;
				IPHONEOS_DEPLOYMENT_TARGET = 15.0;
				LOCALIZATION_PREFERS_STRING_CATALOGS = YES;
				MTL_ENABLE_DEBUG_INFO = NO;
				MTL_FAST_MATH = YES;
				SDKROOT = iphoneos;
				SWIFT_COMPILATION_MODE = wholemodule;
				VALIDATE_PRODUCT = YES;
			};
			name = Release;
		};
		7C51CD0E2B8DB01E00E39CB0 /* Debug */ = {
			isa = XCBuildConfiguration;
			buildSettings = {
				ASSETCATALOG_COMPILER_APPICON_NAME = AppIcon;
				ASSETCATALOG_COMPILER_GLOBAL_ACCENT_COLOR_NAME = AccentColor;
				CODE_SIGN_STYLE = Automatic;
				CURRENT_PROJECT_VERSION = 1;
				DEVELOPMENT_TEAM = W6X76DS4Z7;
				GENERATE_INFOPLIST_FILE = YES;
				INFOPLIST_FILE = CryptoCoin/Info.plist;
				INFOPLIST_KEY_UIApplicationSupportsIndirectInputEvents = YES;
				INFOPLIST_KEY_UILaunchStoryboardName = LaunchScreen;
				INFOPLIST_KEY_UIMainStoryboardFile = "";
				INFOPLIST_KEY_UISupportedInterfaceOrientations = UIInterfaceOrientationPortrait;
				INFOPLIST_KEY_UISupportedInterfaceOrientations_iPad = "UIInterfaceOrientationLandscapeLeft UIInterfaceOrientationLandscapeRight UIInterfaceOrientationPortrait UIInterfaceOrientationPortraitUpsideDown";
				IPHONEOS_DEPLOYMENT_TARGET = 15.0;
				LD_RUNPATH_SEARCH_PATHS = (
					"$(inherited)",
					"@executable_path/Frameworks",
				);
				MARKETING_VERSION = 1.0;
				PRODUCT_BUNDLE_IDENTIFIER = com.thekoon.CryptoCoin;
				PRODUCT_NAME = "$(TARGET_NAME)";
				SUPPORTED_PLATFORMS = "iphoneos iphonesimulator";
				SUPPORTS_MACCATALYST = NO;
				SUPPORTS_MAC_DESIGNED_FOR_IPHONE_IPAD = NO;
				SUPPORTS_XR_DESIGNED_FOR_IPHONE_IPAD = NO;
				SWIFT_EMIT_LOC_STRINGS = YES;
				SWIFT_VERSION = 5.0;
				TARGETED_DEVICE_FAMILY = 1;
			};
			name = Debug;
		};
		7C51CD0F2B8DB01E00E39CB0 /* Release */ = {
			isa = XCBuildConfiguration;
			buildSettings = {
				ASSETCATALOG_COMPILER_APPICON_NAME = AppIcon;
				ASSETCATALOG_COMPILER_GLOBAL_ACCENT_COLOR_NAME = AccentColor;
				CODE_SIGN_STYLE = Automatic;
				CURRENT_PROJECT_VERSION = 1;
				DEVELOPMENT_TEAM = W6X76DS4Z7;
				GENERATE_INFOPLIST_FILE = YES;
				INFOPLIST_FILE = CryptoCoin/Info.plist;
				INFOPLIST_KEY_UIApplicationSupportsIndirectInputEvents = YES;
				INFOPLIST_KEY_UILaunchStoryboardName = LaunchScreen;
				INFOPLIST_KEY_UIMainStoryboardFile = "";
				INFOPLIST_KEY_UISupportedInterfaceOrientations = UIInterfaceOrientationPortrait;
				INFOPLIST_KEY_UISupportedInterfaceOrientations_iPad = "UIInterfaceOrientationLandscapeLeft UIInterfaceOrientationLandscapeRight UIInterfaceOrientationPortrait UIInterfaceOrientationPortraitUpsideDown";
				IPHONEOS_DEPLOYMENT_TARGET = 15.0;
				LD_RUNPATH_SEARCH_PATHS = (
					"$(inherited)",
					"@executable_path/Frameworks",
				);
				MARKETING_VERSION = 1.0;
				PRODUCT_BUNDLE_IDENTIFIER = com.thekoon.CryptoCoin;
				PRODUCT_NAME = "$(TARGET_NAME)";
				SUPPORTED_PLATFORMS = "iphoneos iphonesimulator";
				SUPPORTS_MACCATALYST = NO;
				SUPPORTS_MAC_DESIGNED_FOR_IPHONE_IPAD = NO;
				SUPPORTS_XR_DESIGNED_FOR_IPHONE_IPAD = NO;
				SWIFT_EMIT_LOC_STRINGS = YES;
				SWIFT_VERSION = 5.0;
				TARGETED_DEVICE_FAMILY = 1;
			};
			name = Release;
		};
/* End XCBuildConfiguration section */

/* Begin XCConfigurationList section */
		7C51CCF42B8DB01D00E39CB0 /* Build configuration list for PBXProject "CryptoCoin" */ = {
			isa = XCConfigurationList;
			buildConfigurations = (
				7C51CD0B2B8DB01E00E39CB0 /* Debug */,
				7C51CD0C2B8DB01E00E39CB0 /* Release */,
			);
			defaultConfigurationIsVisible = 0;
			defaultConfigurationName = Release;
		};
		7C51CD0D2B8DB01E00E39CB0 /* Build configuration list for PBXNativeTarget "CryptoCoin" */ = {
			isa = XCConfigurationList;
			buildConfigurations = (
				7C51CD0E2B8DB01E00E39CB0 /* Debug */,
				7C51CD0F2B8DB01E00E39CB0 /* Release */,
			);
			defaultConfigurationIsVisible = 0;
			defaultConfigurationName = Release;
		};
/* End XCConfigurationList section */

/* Begin XCRemoteSwiftPackageReference section */
		7C51CD102B8DB05200E39CB0 /* XCRemoteSwiftPackageReference "Alamofire" */ = {
			isa = XCRemoteSwiftPackageReference;
			repositoryURL = "https://github.com/Alamofire/Alamofire";
			requirement = {
				kind = upToNextMajorVersion;
				minimumVersion = 5.8.1;
			};
		};
		7C51CD132B8DB05E00E39CB0 /* XCRemoteSwiftPackageReference "SnapKit" */ = {
			isa = XCRemoteSwiftPackageReference;
			repositoryURL = "https://github.com/SnapKit/SnapKit";
			requirement = {
				kind = upToNextMajorVersion;
				minimumVersion = 5.7.1;
			};
		};
		7C51CD162B8DB06700E39CB0 /* XCRemoteSwiftPackageReference "Kingfisher" */ = {
			isa = XCRemoteSwiftPackageReference;
			repositoryURL = "https://github.com/onevcat/Kingfisher";
			requirement = {
				kind = upToNextMajorVersion;
				minimumVersion = 7.11.0;
			};
		};
		7C51CD192B8DB07A00E39CB0 /* XCRemoteSwiftPackageReference "realm-swift" */ = {
			isa = XCRemoteSwiftPackageReference;
			repositoryURL = "https://github.com/realm/realm-swift";
			requirement = {
				branch = master;
				kind = branch;
			};
		};
		7C51CD532B8DBBEA00E39CB0 /* XCRemoteSwiftPackageReference "Charts" */ = {
			isa = XCRemoteSwiftPackageReference;
			repositoryURL = "https://github.com/danielgindi/Charts.git";
			requirement = {
				kind = upToNextMajorVersion;
				minimumVersion = 5.1.0;
			};
		};
/* End XCRemoteSwiftPackageReference section */

/* Begin XCSwiftPackageProductDependency section */
		7C51CD112B8DB05200E39CB0 /* Alamofire */ = {
			isa = XCSwiftPackageProductDependency;
			package = 7C51CD102B8DB05200E39CB0 /* XCRemoteSwiftPackageReference "Alamofire" */;
			productName = Alamofire;
		};
		7C51CD142B8DB05E00E39CB0 /* SnapKit */ = {
			isa = XCSwiftPackageProductDependency;
			package = 7C51CD132B8DB05E00E39CB0 /* XCRemoteSwiftPackageReference "SnapKit" */;
			productName = SnapKit;
		};
		7C51CD172B8DB06700E39CB0 /* Kingfisher */ = {
			isa = XCSwiftPackageProductDependency;
			package = 7C51CD162B8DB06700E39CB0 /* XCRemoteSwiftPackageReference "Kingfisher" */;
			productName = Kingfisher;
		};
		7C51CD1A2B8DB07A00E39CB0 /* Realm */ = {
			isa = XCSwiftPackageProductDependency;
			package = 7C51CD192B8DB07A00E39CB0 /* XCRemoteSwiftPackageReference "realm-swift" */;
			productName = Realm;
		};
		7C51CD1C2B8DB07A00E39CB0 /* RealmSwift */ = {
			isa = XCSwiftPackageProductDependency;
			package = 7C51CD192B8DB07A00E39CB0 /* XCRemoteSwiftPackageReference "realm-swift" */;
			productName = RealmSwift;
		};
		7C51CD542B8DBBEA00E39CB0 /* DGCharts */ = {
			isa = XCSwiftPackageProductDependency;
			package = 7C51CD532B8DBBEA00E39CB0 /* XCRemoteSwiftPackageReference "Charts" */;
			productName = DGCharts;
		};
/* End XCSwiftPackageProductDependency section */
	};
	rootObject = 7C51CCF12B8DB01D00E39CB0 /* Project object */;
}
